
Microsoft Visual Studio Solution File, Format Version 12.00
# Visual Studio Version 17
VisualStudioVersion = 17.8.34511.84
MinimumVisualStudioVersion = 10.0.40219.1
Project("{FAE04EC0-301F-11D3-BF4B-00C04F79EFBC}") = "BaiTapWindowsForm", "BaiTapWindowsForm\BaiTapWindowsForm.csproj", "{DDC59894-4D7A-4F12-A4D2-6A25F7E3D0C1}"
EndProject
Global
	GlobalSection(SolutionConfigurationPlatforms) = preSolution
		Debug|Any CPU = Debug|Any CPU
		Release|Any CPU = Release|Any CPU
	EndGlobalSection
	GlobalSection(ProjectConfigurationPlatforms) = postSolution
		{DDC59894-4D7A-4F12-A4D2-6A25F7E3D0C1}.Debug|Any CPU.ActiveCfg = Debug|Any CPU
		{DDC59894-4D7A-4F12-A4D2-6A25F7E3D0C1}.Debug|Any CPU.Build.0 = Debug|Any CPU
		{DDC59894-4D7A-4F12-A4D2-6A25F7E3D0C1}.Release|Any CPU.ActiveCfg = Release|Any CPU
		{DDC59894-4D7A-4F12-A4D2-6A25F7E3D0C1}.Release|Any CPU.Build.0 = Release|Any CPU
	EndGlobalSection
	GlobalSection(SolutionProperties) = preSolution
		HideSolutionNode = FALSE
	EndGlobalSection
	GlobalSection(ExtensibilityGlobals) = postSolution
		SolutionGuid = {8EFA2756-BB93-4345-938B-40BE02F66ADD}
	EndGlobalSection
EndGlobal
